
Microsoft Visual Studio Solution File, Format Version 12.00
# Visual Studio Version 16
VisualStudioVersion = 16.0.31019.35
MinimumVisualStudioVersion = 10.0.40219.1
Project("{FAE04EC0-301F-11D3-BF4B-00C04F79EFBC}") = "ITStepcalculator", "ITStepcalculator\ITStepcalculator.csproj", "{95BC5DA6-98C3-4FA9-9293-5AB8DF8F7CD5}"
EndProject
Global
	GlobalSection(SolutionConfigurationPlatforms) = preSolution
		Debug|Any CPU = Debug|Any CPU
		Release|Any CPU = Release|Any CPU
	EndGlobalSection
	GlobalSection(ProjectConfigurationPlatforms) = postSolution
		{95BC5DA6-98C3-4FA9-9293-5AB8DF8F7CD5}.Debug|Any CPU.ActiveCfg = Debug|Any CPU
		{95BC5DA6-98C3-4FA9-9293-5AB8DF8F7CD5}.Debug|Any CPU.Build.0 = Debug|Any CPU
		{95BC5DA6-98C3-4FA9-9293-5AB8DF8F7CD5}.Release|Any CPU.ActiveCfg = Release|Any CPU
		{95BC5DA6-98C3-4FA9-9293-5AB8DF8F7CD5}.Release|Any CPU.Build.0 = Release|Any CPU
	EndGlobalSection
	GlobalSection(SolutionProperties) = preSolution
		HideSolutionNode = FALSE
	EndGlobalSection
	GlobalSection(ExtensibilityGlobals) = postSolution
		SolutionGuid = {DFC2594C-0136-4CB3-ADAC-938F1091E853}
	EndGlobalSection
EndGlobal
